
Microsoft Visual Studio Solution File, Format Version 12.00
# Visual Studio 15
VisualStudioVersion = 15.0.28307.329
MinimumVisualStudioVersion = 10.0.40219.1
Project("{FAE04EC0-301F-11D3-BF4B-00C04F79EFBC}") = "D1_Piemeri", "D1_Piemeri\D1_Piemeri.csproj", "{4AD80045-24EF-44CB-8B6F-6FD1A31CD875}"
EndProject
Project("{FAE04EC0-301F-11D3-BF4B-00C04F79EFBC}") = "D1_Uzdevumi", "D1_Uzdevumi\D1_Uzdevumi.csproj", "{90BF7314-0FCA-4DEA-9080-C9894203B6BF}"
EndProject
Project("{FAE04EC0-301F-11D3-BF4B-00C04F79EFBC}") = "Majasdarbs_1", "Majasdarbs_1\Majasdarbs_1.csproj", "{45EAA7F3-3E04-49EF-94B3-890D3EC501DE}"
EndProject
Project("{FAE04EC0-301F-11D3-BF4B-00C04F79EFBC}") = "D2_if_else_switch", "D2\D2_if_else_switch.csproj", "{43CB1D16-32E3-4EE5-8B6F-15B3DBEB7670}"
EndProject
Project("{FAE04EC0-301F-11D3-BF4B-00C04F79EFBC}") = "D2_Papildus uzdevumi", "D2_Papildus uzdevumi\D2_Papildus uzdevumi.csproj", "{C3F586FF-0B99-4F48-8218-2F2636A6A881}"
EndProject
Project("{FAE04EC0-301F-11D3-BF4B-00C04F79EFBC}") = "D3_Cikli", "D3_Cikli\D3_Cikli.csproj", "{A71EC167-FD59-4D1F-9DD3-314E6E4D7155}"
EndProject
Project("{FAE04EC0-301F-11D3-BF4B-00C04F79EFBC}") = "Majasdarbs_2", "Majasdarbs_2\Majasdarbs_2.csproj", "{5F0FC0EB-157B-48BB-826C-DB4265A77B3F}"
EndProject
Project("{FAE04EC0-301F-11D3-BF4B-00C04F79EFBC}") = "D4_Objekti_Klases", "D4\D4_Objekti_Klases.csproj", "{8310F85E-7C20-4CD4-A658-F8A05C231E18}"
EndProject
Project("{FAE04EC0-301F-11D3-BF4B-00C04F79EFBC}") = "D5_Praktiskais darbs", "PD1\D5_Praktiskais darbs.csproj", "{0104EC7C-F55E-44E1-8957-E0D9DE35453F}"
EndProject
Project("{FAE04EC0-301F-11D3-BF4B-00C04F79EFBC}") = "D6_Saraksti_Masivi", "D6_Saraksti_Masivi\D6_Saraksti_Masivi.csproj", "{30180C07-AA3B-4F80-B968-E4F48539C640}"
EndProject
Global
	GlobalSection(SolutionConfigurationPlatforms) = preSolution
		Debug|Any CPU = Debug|Any CPU
		Release|Any CPU = Release|Any CPU
	EndGlobalSection
	GlobalSection(ProjectConfigurationPlatforms) = postSolution
		{4AD80045-24EF-44CB-8B6F-6FD1A31CD875}.Debug|Any CPU.ActiveCfg = Debug|Any CPU
		{4AD80045-24EF-44CB-8B6F-6FD1A31CD875}.Debug|Any CPU.Build.0 = Debug|Any CPU
		{4AD80045-24EF-44CB-8B6F-6FD1A31CD875}.Release|Any CPU.ActiveCfg = Release|Any CPU
		{4AD80045-24EF-44CB-8B6F-6FD1A31CD875}.Release|Any CPU.Build.0 = Release|Any CPU
		{90BF7314-0FCA-4DEA-9080-C9894203B6BF}.Debug|Any CPU.ActiveCfg = Debug|Any CPU
		{90BF7314-0FCA-4DEA-9080-C9894203B6BF}.Debug|Any CPU.Build.0 = Debug|Any CPU
		{90BF7314-0FCA-4DEA-9080-C9894203B6BF}.Release|Any CPU.ActiveCfg = Release|Any CPU
		{90BF7314-0FCA-4DEA-9080-C9894203B6BF}.Release|Any CPU.Build.0 = Release|Any CPU
		{45EAA7F3-3E04-49EF-94B3-890D3EC501DE}.Debug|Any CPU.ActiveCfg = Debug|Any CPU
		{45EAA7F3-3E04-49EF-94B3-890D3EC501DE}.Debug|Any CPU.Build.0 = Debug|Any CPU
		{45EAA7F3-3E04-49EF-94B3-890D3EC501DE}.Release|Any CPU.ActiveCfg = Release|Any CPU
		{45EAA7F3-3E04-49EF-94B3-890D3EC501DE}.Release|Any CPU.Build.0 = Release|Any CPU
		{43CB1D16-32E3-4EE5-8B6F-15B3DBEB7670}.Debug|Any CPU.ActiveCfg = Debug|Any CPU
		{43CB1D16-32E3-4EE5-8B6F-15B3DBEB7670}.Debug|Any CPU.Build.0 = Debug|Any CPU
		{43CB1D16-32E3-4EE5-8B6F-15B3DBEB7670}.Release|Any CPU.ActiveCfg = Release|Any CPU
		{43CB1D16-32E3-4EE5-8B6F-15B3DBEB7670}.Release|Any CPU.Build.0 = Release|Any CPU
		{C3F586FF-0B99-4F48-8218-2F2636A6A881}.Debug|Any CPU.ActiveCfg = Debug|Any CPU
		{C3F586FF-0B99-4F48-8218-2F2636A6A881}.Debug|Any CPU.Build.0 = Debug|Any CPU
		{C3F586FF-0B99-4F48-8218-2F2636A6A881}.Release|Any CPU.ActiveCfg = Release|Any CPU
		{C3F586FF-0B99-4F48-8218-2F2636A6A881}.Release|Any CPU.Build.0 = Release|Any CPU
		{A71EC167-FD59-4D1F-9DD3-314E6E4D7155}.Debug|Any CPU.ActiveCfg = Debug|Any CPU
		{A71EC167-FD59-4D1F-9DD3-314E6E4D7155}.Debug|Any CPU.Build.0 = Debug|Any CPU
		{A71EC167-FD59-4D1F-9DD3-314E6E4D7155}.Release|Any CPU.ActiveCfg = Release|Any CPU
		{A71EC167-FD59-4D1F-9DD3-314E6E4D7155}.Release|Any CPU.Build.0 = Release|Any CPU
		{5F0FC0EB-157B-48BB-826C-DB4265A77B3F}.Debug|Any CPU.ActiveCfg = Debug|Any CPU
		{5F0FC0EB-157B-48BB-826C-DB4265A77B3F}.Debug|Any CPU.Build.0 = Debug|Any CPU
		{5F0FC0EB-157B-48BB-826C-DB4265A77B3F}.Release|Any CPU.ActiveCfg = Release|Any CPU
		{5F0FC0EB-157B-48BB-826C-DB4265A77B3F}.Release|Any CPU.Build.0 = Release|Any CPU
		{8310F85E-7C20-4CD4-A658-F8A05C231E18}.Debug|Any CPU.ActiveCfg = Debug|Any CPU
		{8310F85E-7C20-4CD4-A658-F8A05C231E18}.Debug|Any CPU.Build.0 = Debug|Any CPU
		{8310F85E-7C20-4CD4-A658-F8A05C231E18}.Release|Any CPU.ActiveCfg = Release|Any CPU
		{8310F85E-7C20-4CD4-A658-F8A05C231E18}.Release|Any CPU.Build.0 = Release|Any CPU
		{0104EC7C-F55E-44E1-8957-E0D9DE35453F}.Debug|Any CPU.ActiveCfg = Debug|Any CPU
		{0104EC7C-F55E-44E1-8957-E0D9DE35453F}.Debug|Any CPU.Build.0 = Debug|Any CPU
		{0104EC7C-F55E-44E1-8957-E0D9DE35453F}.Release|Any CPU.ActiveCfg = Release|Any CPU
		{0104EC7C-F55E-44E1-8957-E0D9DE35453F}.Release|Any CPU.Build.0 = Release|Any CPU
		{30180C07-AA3B-4F80-B968-E4F48539C640}.Debug|Any CPU.ActiveCfg = Debug|Any CPU
		{30180C07-AA3B-4F80-B968-E4F48539C640}.Debug|Any CPU.Build.0 = Debug|Any CPU
		{30180C07-AA3B-4F80-B968-E4F48539C640}.Release|Any CPU.ActiveCfg = Release|Any CPU
		{30180C07-AA3B-4F80-B968-E4F48539C640}.Release|Any CPU.Build.0 = Release|Any CPU
	EndGlobalSection
	GlobalSection(SolutionProperties) = preSolution
		HideSolutionNode = FALSE
	EndGlobalSection
	GlobalSection(ExtensibilityGlobals) = postSolution
		SolutionGuid = {A6D07C2C-82C6-432B-9E4C-E9AEED3BB7D4}
	EndGlobalSection
EndGlobal
